
Microsoft Visual Studio Solution File, Format Version 12.00
# Visual Studio Version 17
VisualStudioVersion = 17.6.33723.286
MinimumVisualStudioVersion = 10.0.40219.1
Project("{FAE04EC0-301F-11D3-BF4B-00C04F79EFBC}") = "WebApplication1", "WebApplication1\WebApplication1.csproj", "{D0BB2CA6-3B9B-49D3-AEC4-E85948800471}"
EndProject
Global
	GlobalSection(SolutionConfigurationPlatforms) = preSolution
		Debug|Any CPU = Debug|Any CPU
		Release|Any CPU = Release|Any CPU
	EndGlobalSection
	GlobalSection(ProjectConfigurationPlatforms) = postSolution
		{D0BB2CA6-3B9B-49D3-AEC4-E85948800471}.Debug|Any CPU.ActiveCfg = Debug|Any CPU
		{D0BB2CA6-3B9B-49D3-AEC4-E85948800471}.Debug|Any CPU.Build.0 = Debug|Any CPU
		{D0BB2CA6-3B9B-49D3-AEC4-E85948800471}.Release|Any CPU.ActiveCfg = Release|Any CPU
		{D0BB2CA6-3B9B-49D3-AEC4-E85948800471}.Release|Any CPU.Build.0 = Release|Any CPU
	EndGlobalSection
	GlobalSection(SolutionProperties) = preSolution
		HideSolutionNode = FALSE
	EndGlobalSection
	GlobalSection(ExtensibilityGlobals) = postSolution
		SolutionGuid = {48CD5C08-D48F-4E13-A3D7-5168C6A5730D}
	EndGlobalSection
EndGlobal
